{
  "name": "assets",
  "lockfileVersion": 3,
  "requires": true,
  "packages": {
    "": {
      "dependencies": {
        "bootstrap-icons": "1.13.1",
        "vanilla-cookieconsent": "^3.1.0"
      }
    },
    "node_modules/bootstrap-icons": {
      "version": "1.13.1",
      "resolved": "https://registry.npmjs.org/bootstrap-icons/-/bootstrap-icons-1.13.1.tgz",
      "integrity": "sha512-ijombt4v6bv5CLeXvRWKy7CuM3TRTuPEuGaGKvTV5cz65rQSY8RQ2JcHt6b90cBBAC7s8fsf2EkQDldzCoXUjw==",
      "funding": [
        {
          "type": "github",
          "url": "https://github.com/sponsors/twbs"
        },
        {
          "type": "opencollective",
          "url": "https://opencollective.com/bootstrap"
        }
      ],
      "license": "MIT"
    },
    "node_modules/vanilla-cookieconsent": {
      "version": "3.1.0",
      "resolved": "https://registry.npmjs.org/vanilla-cookieconsent/-/vanilla-cookieconsent-3.1.0.tgz",
      "integrity": "sha512-/McNRtm/3IXzb9dhqMIcbquoU45SzbN2VB+To4jxEPqMmp7uVniP6BhGLjU8MC7ZCDsNQVOp27fhQTM/ruIXAA==",
      "license": "MIT"
    }
  }
}
